
Microsoft Visual Studio Solution File, Format Version 12.00
# Visual Studio Version 17
VisualStudioVersion = 17.14.36518.9
MinimumVisualStudioVersion = 10.0.40219.1
Project("{2150E333-8FDC-42A3-9474-1A3956D46DE8}") = "Task0", "Task0", "{02EA681E-C7D8-13C7-8484-4AC65E1B71E8}"
EndProject
Project("{FAE04EC0-301F-11D3-BF4B-00C04F79EFBC}") = "Tyuiu.IvanovMS.Sprint3.Task0.V18", "Tyuiu.IvanovMS.Sprint3.Task0.V18\Tyuiu.IvanovMS.Sprint3.Task0.V18.csproj", "{F196D951-1C3C-4B38-8A0D-3F025715BF51}"
EndProject
Project("{FAE04EC0-301F-11D3-BF4B-00C04F79EFBC}") = "Tyuiu.IvanovMS.Sprint3.Task0.V18.Lib", "Tyuiu.IvanovMS.Sprint3.Task0.V18.Lib\Tyuiu.IvanovMS.Sprint3.Task0.V18.Lib.csproj", "{71B28A51-9765-4344-BF5C-FA0F559642B1}"
EndProject
Project("{FAE04EC0-301F-11D3-BF4B-00C04F79EFBC}") = "Tyuiu.IvanovMS.Sprint3.Task0.V18.Test", "Tyuiu.IvanovMS.Sprint3.Task0.V18.Test\Tyuiu.IvanovMS.Sprint3.Task0.V18.Test.csproj", "{B32ED37B-44AD-418D-88EF-6DAF2F1D2607}"
EndProject
Global
	GlobalSection(SolutionConfigurationPlatforms) = preSolution
		Debug|Any CPU = Debug|Any CPU
		Release|Any CPU = Release|Any CPU
	EndGlobalSection
	GlobalSection(ProjectConfigurationPlatforms) = postSolution
		{F196D951-1C3C-4B38-8A0D-3F025715BF51}.Debug|Any CPU.ActiveCfg = Debug|Any CPU
		{F196D951-1C3C-4B38-8A0D-3F025715BF51}.Debug|Any CPU.Build.0 = Debug|Any CPU
		{F196D951-1C3C-4B38-8A0D-3F025715BF51}.Release|Any CPU.ActiveCfg = Release|Any CPU
		{F196D951-1C3C-4B38-8A0D-3F025715BF51}.Release|Any CPU.Build.0 = Release|Any CPU
		{71B28A51-9765-4344-BF5C-FA0F559642B1}.Debug|Any CPU.ActiveCfg = Debug|Any CPU
		{71B28A51-9765-4344-BF5C-FA0F559642B1}.Debug|Any CPU.Build.0 = Debug|Any CPU
		{71B28A51-9765-4344-BF5C-FA0F559642B1}.Release|Any CPU.ActiveCfg = Release|Any CPU
		{71B28A51-9765-4344-BF5C-FA0F559642B1}.Release|Any CPU.Build.0 = Release|Any CPU
		{B32ED37B-44AD-418D-88EF-6DAF2F1D2607}.Debug|Any CPU.ActiveCfg = Debug|Any CPU
		{B32ED37B-44AD-418D-88EF-6DAF2F1D2607}.Debug|Any CPU.Build.0 = Debug|Any CPU
		{B32ED37B-44AD-418D-88EF-6DAF2F1D2607}.Release|Any CPU.ActiveCfg = Release|Any CPU
		{B32ED37B-44AD-418D-88EF-6DAF2F1D2607}.Release|Any CPU.Build.0 = Release|Any CPU
	EndGlobalSection
	GlobalSection(SolutionProperties) = preSolution
		HideSolutionNode = FALSE
	EndGlobalSection
	GlobalSection(NestedProjects) = preSolution
		{F196D951-1C3C-4B38-8A0D-3F025715BF51} = {02EA681E-C7D8-13C7-8484-4AC65E1B71E8}
		{71B28A51-9765-4344-BF5C-FA0F559642B1} = {02EA681E-C7D8-13C7-8484-4AC65E1B71E8}
		{B32ED37B-44AD-418D-88EF-6DAF2F1D2607} = {02EA681E-C7D8-13C7-8484-4AC65E1B71E8}
	EndGlobalSection
	GlobalSection(ExtensibilityGlobals) = postSolution
		SolutionGuid = {4DAAD0BD-77FA-4DDA-83DB-B50EE04CBDFB}
	EndGlobalSection
EndGlobal
