
Microsoft Visual Studio Solution File, Format Version 12.00
# Visual Studio Version 17
VisualStudioVersion = 17.14.36518.9
MinimumVisualStudioVersion = 10.0.40219.1
Project("{2150E333-8FDC-42A3-9474-1A3956D46DE8}") = "Task0", "Task0", "{02EA681E-C7D8-13C7-8484-4AC65E1B71E8}"
EndProject
Project("{FAE04EC0-301F-11D3-BF4B-00C04F79EFBC}") = "Tyuiu.IvanovMS.Sprint3.Task0.V18", "Tyuiu.IvanovMS.Sprint3.Task0.V18\Tyuiu.IvanovMS.Sprint3.Task0.V18.csproj", "{F196D951-1C3C-4B38-8A0D-3F025715BF51}"
EndProject
Project("{FAE04EC0-301F-11D3-BF4B-00C04F79EFBC}") = "Tyuiu.IvanovMS.Sprint3.Task0.V18.Lib", "Tyuiu.IvanovMS.Sprint3.Task0.V18.Lib\Tyuiu.IvanovMS.Sprint3.Task0.V18.Lib.csproj", "{71B28A51-9765-4344-BF5C-FA0F559642B1}"
EndProject
Project("{FAE04EC0-301F-11D3-BF4B-00C04F79EFBC}") = "Tyuiu.IvanovMS.Sprint3.Task0.V18.Test", "Tyuiu.IvanovMS.Sprint3.Task0.V18.Test\Tyuiu.IvanovMS.Sprint3.Task0.V18.Test.csproj", "{B32ED37B-44AD-418D-88EF-6DAF2F1D2607}"
EndProject
Project("{2150E333-8FDC-42A3-9474-1A3956D46DE8}") = "Task1", "Task1", "{E778405E-5014-4161-B1DA-9590D3409570}"
EndProject
Project("{FAE04EC0-301F-11D3-BF4B-00C04F79EFBC}") = "Tyuiu.IvanovMS.Sprint3.Task1.V22", "Tyuiu.IvanovMS.Sprint3.Task1.V22\Tyuiu.IvanovMS.Sprint3.Task1.V22.csproj", "{4A233AFD-A0FD-48C2-9DD5-95856053D003}"
EndProject
Project("{FAE04EC0-301F-11D3-BF4B-00C04F79EFBC}") = "Tyuiu.IvanovMS.Sprint3.Task1.V22.Lib", "Tyuiu.IvanovMS.Sprint3.Task1.V22.Lib\Tyuiu.IvanovMS.Sprint3.Task1.V22.Lib.csproj", "{9D48B3EE-279D-42EA-B7E7-926BA2075CD8}"
EndProject
Project("{FAE04EC0-301F-11D3-BF4B-00C04F79EFBC}") = "Tyuiu.IvanovMS.Sprint3.Task1.V22.Test", "Tyuiu.IvanovMS.Sprint3.Task1.V22.Test\Tyuiu.IvanovMS.Sprint3.Task1.V22.Test.csproj", "{D9AAE7EA-09A9-4696-88A9-370EB9FE1F1B}"
EndProject
Project("{2150E333-8FDC-42A3-9474-1A3956D46DE8}") = "Task2", "Task2", "{9096B388-0C06-4DFD-ABD5-A5FACDAE68C6}"
EndProject
Project("{FAE04EC0-301F-11D3-BF4B-00C04F79EFBC}") = "Tyuiu.IvanovMS.Sprint3.Task2.V19", "Tyuiu.IvanovMS.Sprint3.Task2.V19\Tyuiu.IvanovMS.Sprint3.Task2.V19.csproj", "{A6AAFE35-7F8F-4458-8809-729E8C446744}"
EndProject
Project("{FAE04EC0-301F-11D3-BF4B-00C04F79EFBC}") = "Tyuiu.IvanovMS.Sprint3.Task2.V19.Lib", "Tyuiu.IvanovMS.Sprint3.Task2.V19.Lib\Tyuiu.IvanovMS.Sprint3.Task2.V19.Lib.csproj", "{DC90DC3E-7666-443C-A288-F50F12F4E3C7}"
EndProject
Project("{FAE04EC0-301F-11D3-BF4B-00C04F79EFBC}") = "Tyuiu.IvanovMS.Sprint3.Task2.V19.Test", "Tyuiu.IvanovMS.Sprint3.Task2.V19.Test\Tyuiu.IvanovMS.Sprint3.Task2.V19.Test.csproj", "{23F75DC0-454B-40A5-8623-0CEE5DFAD868}"
EndProject
Project("{2150E333-8FDC-42A3-9474-1A3956D46DE8}") = "Task3", "Task3", "{E54A7F62-CDB0-434D-93AA-2C0C67449981}"
EndProject
Project("{FAE04EC0-301F-11D3-BF4B-00C04F79EFBC}") = "Tyuiu.IvanovMS.Sprint3.Task3.V7", "Tyuiu.IvanovMS.Sprint3.Task3.V7\Tyuiu.IvanovMS.Sprint3.Task3.V7.csproj", "{59BFA231-97A4-4BFB-A3A0-9AD82130CB8F}"
EndProject
Project("{FAE04EC0-301F-11D3-BF4B-00C04F79EFBC}") = "Tyuiu.IvanovMS.Sprint3.Task3.V7.Lib", "Tyuiu.IvanovMS.Sprint3.Task3.V7.Lib\Tyuiu.IvanovMS.Sprint3.Task3.V7.Lib.csproj", "{45D46C22-51E7-4CD5-8239-008CFAF2754B}"
EndProject
Project("{FAE04EC0-301F-11D3-BF4B-00C04F79EFBC}") = "Tyuiu.IvanovMS.Sprint3.Task3.V7.Test", "Tyuiu.IvanovMS.Sprint3.Task3.V7.Test\Tyuiu.IvanovMS.Sprint3.Task3.V7.Test.csproj", "{8DF123CF-5E61-4B5A-8F10-DD422EA374EB}"
EndProject
Project("{2150E333-8FDC-42A3-9474-1A3956D46DE8}") = "Task4", "Task4", "{5641E1FB-3C5F-4AC2-A847-3777375AA936}"
EndProject
Project("{FAE04EC0-301F-11D3-BF4B-00C04F79EFBC}") = "Tyuiu.IvanovMS.Sprint3.Task4.V3", "Tyuiu.IvanovMS.Sprint3.Task4.V3\Tyuiu.IvanovMS.Sprint3.Task4.V3.csproj", "{A7FDABEE-829D-44CA-B3F2-B2C68B076163}"
EndProject
Project("{FAE04EC0-301F-11D3-BF4B-00C04F79EFBC}") = "Tyuiu.IvanovMS.Sprint3.Task4.V3.Lib", "Tyuiu.IvanovMS.Sprint3.Task4.V3.Lib\Tyuiu.IvanovMS.Sprint3.Task4.V3.Lib.csproj", "{13046C63-A8B2-46FC-9FCA-37C0796CE9C0}"
EndProject
Project("{FAE04EC0-301F-11D3-BF4B-00C04F79EFBC}") = "Tyuiu.IvanovMS.Sprint3.Task4.V3.Test", "Tyuiu.IvanovMS.Sprint3.Task4.V3.Test\Tyuiu.IvanovMS.Sprint3.Task4.V3.Test.csproj", "{4D24CE6A-20D0-4E7B-97E1-61FFEA7B6DD0}"
EndProject
Global
	GlobalSection(SolutionConfigurationPlatforms) = preSolution
		Debug|Any CPU = Debug|Any CPU
		Release|Any CPU = Release|Any CPU
	EndGlobalSection
	GlobalSection(ProjectConfigurationPlatforms) = postSolution
		{F196D951-1C3C-4B38-8A0D-3F025715BF51}.Debug|Any CPU.ActiveCfg = Debug|Any CPU
		{F196D951-1C3C-4B38-8A0D-3F025715BF51}.Debug|Any CPU.Build.0 = Debug|Any CPU
		{F196D951-1C3C-4B38-8A0D-3F025715BF51}.Release|Any CPU.ActiveCfg = Release|Any CPU
		{F196D951-1C3C-4B38-8A0D-3F025715BF51}.Release|Any CPU.Build.0 = Release|Any CPU
		{71B28A51-9765-4344-BF5C-FA0F559642B1}.Debug|Any CPU.ActiveCfg = Debug|Any CPU
		{71B28A51-9765-4344-BF5C-FA0F559642B1}.Debug|Any CPU.Build.0 = Debug|Any CPU
		{71B28A51-9765-4344-BF5C-FA0F559642B1}.Release|Any CPU.ActiveCfg = Release|Any CPU
		{71B28A51-9765-4344-BF5C-FA0F559642B1}.Release|Any CPU.Build.0 = Release|Any CPU
		{B32ED37B-44AD-418D-88EF-6DAF2F1D2607}.Debug|Any CPU.ActiveCfg = Debug|Any CPU
		{B32ED37B-44AD-418D-88EF-6DAF2F1D2607}.Debug|Any CPU.Build.0 = Debug|Any CPU
		{B32ED37B-44AD-418D-88EF-6DAF2F1D2607}.Release|Any CPU.ActiveCfg = Release|Any CPU
		{B32ED37B-44AD-418D-88EF-6DAF2F1D2607}.Release|Any CPU.Build.0 = Release|Any CPU
		{4A233AFD-A0FD-48C2-9DD5-95856053D003}.Debug|Any CPU.ActiveCfg = Debug|Any CPU
		{4A233AFD-A0FD-48C2-9DD5-95856053D003}.Debug|Any CPU.Build.0 = Debug|Any CPU
		{4A233AFD-A0FD-48C2-9DD5-95856053D003}.Release|Any CPU.ActiveCfg = Release|Any CPU
		{4A233AFD-A0FD-48C2-9DD5-95856053D003}.Release|Any CPU.Build.0 = Release|Any CPU
		{9D48B3EE-279D-42EA-B7E7-926BA2075CD8}.Debug|Any CPU.ActiveCfg = Debug|Any CPU
		{9D48B3EE-279D-42EA-B7E7-926BA2075CD8}.Debug|Any CPU.Build.0 = Debug|Any CPU
		{9D48B3EE-279D-42EA-B7E7-926BA2075CD8}.Release|Any CPU.ActiveCfg = Release|Any CPU
		{9D48B3EE-279D-42EA-B7E7-926BA2075CD8}.Release|Any CPU.Build.0 = Release|Any CPU
		{D9AAE7EA-09A9-4696-88A9-370EB9FE1F1B}.Debug|Any CPU.ActiveCfg = Debug|Any CPU
		{D9AAE7EA-09A9-4696-88A9-370EB9FE1F1B}.Debug|Any CPU.Build.0 = Debug|Any CPU
		{D9AAE7EA-09A9-4696-88A9-370EB9FE1F1B}.Release|Any CPU.ActiveCfg = Release|Any CPU
		{D9AAE7EA-09A9-4696-88A9-370EB9FE1F1B}.Release|Any CPU.Build.0 = Release|Any CPU
		{A6AAFE35-7F8F-4458-8809-729E8C446744}.Debug|Any CPU.ActiveCfg = Debug|Any CPU
		{A6AAFE35-7F8F-4458-8809-729E8C446744}.Debug|Any CPU.Build.0 = Debug|Any CPU
		{A6AAFE35-7F8F-4458-8809-729E8C446744}.Release|Any CPU.ActiveCfg = Release|Any CPU
		{A6AAFE35-7F8F-4458-8809-729E8C446744}.Release|Any CPU.Build.0 = Release|Any CPU
		{DC90DC3E-7666-443C-A288-F50F12F4E3C7}.Debug|Any CPU.ActiveCfg = Debug|Any CPU
		{DC90DC3E-7666-443C-A288-F50F12F4E3C7}.Debug|Any CPU.Build.0 = Debug|Any CPU
		{DC90DC3E-7666-443C-A288-F50F12F4E3C7}.Release|Any CPU.ActiveCfg = Release|Any CPU
		{DC90DC3E-7666-443C-A288-F50F12F4E3C7}.Release|Any CPU.Build.0 = Release|Any CPU
		{23F75DC0-454B-40A5-8623-0CEE5DFAD868}.Debug|Any CPU.ActiveCfg = Debug|Any CPU
		{23F75DC0-454B-40A5-8623-0CEE5DFAD868}.Debug|Any CPU.Build.0 = Debug|Any CPU
		{23F75DC0-454B-40A5-8623-0CEE5DFAD868}.Release|Any CPU.ActiveCfg = Release|Any CPU
		{23F75DC0-454B-40A5-8623-0CEE5DFAD868}.Release|Any CPU.Build.0 = Release|Any CPU
		{59BFA231-97A4-4BFB-A3A0-9AD82130CB8F}.Debug|Any CPU.ActiveCfg = Debug|Any CPU
		{59BFA231-97A4-4BFB-A3A0-9AD82130CB8F}.Debug|Any CPU.Build.0 = Debug|Any CPU
		{59BFA231-97A4-4BFB-A3A0-9AD82130CB8F}.Release|Any CPU.ActiveCfg = Release|Any CPU
		{59BFA231-97A4-4BFB-A3A0-9AD82130CB8F}.Release|Any CPU.Build.0 = Release|Any CPU
		{45D46C22-51E7-4CD5-8239-008CFAF2754B}.Debug|Any CPU.ActiveCfg = Debug|Any CPU
		{45D46C22-51E7-4CD5-8239-008CFAF2754B}.Debug|Any CPU.Build.0 = Debug|Any CPU
		{45D46C22-51E7-4CD5-8239-008CFAF2754B}.Release|Any CPU.ActiveCfg = Release|Any CPU
		{45D46C22-51E7-4CD5-8239-008CFAF2754B}.Release|Any CPU.Build.0 = Release|Any CPU
		{8DF123CF-5E61-4B5A-8F10-DD422EA374EB}.Debug|Any CPU.ActiveCfg = Debug|Any CPU
		{8DF123CF-5E61-4B5A-8F10-DD422EA374EB}.Debug|Any CPU.Build.0 = Debug|Any CPU
		{8DF123CF-5E61-4B5A-8F10-DD422EA374EB}.Release|Any CPU.ActiveCfg = Release|Any CPU
		{8DF123CF-5E61-4B5A-8F10-DD422EA374EB}.Release|Any CPU.Build.0 = Release|Any CPU
		{A7FDABEE-829D-44CA-B3F2-B2C68B076163}.Debug|Any CPU.ActiveCfg = Debug|Any CPU
		{A7FDABEE-829D-44CA-B3F2-B2C68B076163}.Debug|Any CPU.Build.0 = Debug|Any CPU
		{A7FDABEE-829D-44CA-B3F2-B2C68B076163}.Release|Any CPU.ActiveCfg = Release|Any CPU
		{A7FDABEE-829D-44CA-B3F2-B2C68B076163}.Release|Any CPU.Build.0 = Release|Any CPU
		{13046C63-A8B2-46FC-9FCA-37C0796CE9C0}.Debug|Any CPU.ActiveCfg = Debug|Any CPU
		{13046C63-A8B2-46FC-9FCA-37C0796CE9C0}.Debug|Any CPU.Build.0 = Debug|Any CPU
		{13046C63-A8B2-46FC-9FCA-37C0796CE9C0}.Release|Any CPU.ActiveCfg = Release|Any CPU
		{13046C63-A8B2-46FC-9FCA-37C0796CE9C0}.Release|Any CPU.Build.0 = Release|Any CPU
		{4D24CE6A-20D0-4E7B-97E1-61FFEA7B6DD0}.Debug|Any CPU.ActiveCfg = Debug|Any CPU
		{4D24CE6A-20D0-4E7B-97E1-61FFEA7B6DD0}.Debug|Any CPU.Build.0 = Debug|Any CPU
		{4D24CE6A-20D0-4E7B-97E1-61FFEA7B6DD0}.Release|Any CPU.ActiveCfg = Release|Any CPU
		{4D24CE6A-20D0-4E7B-97E1-61FFEA7B6DD0}.Release|Any CPU.Build.0 = Release|Any CPU
	EndGlobalSection
	GlobalSection(SolutionProperties) = preSolution
		HideSolutionNode = FALSE
	EndGlobalSection
	GlobalSection(NestedProjects) = preSolution
		{F196D951-1C3C-4B38-8A0D-3F025715BF51} = {02EA681E-C7D8-13C7-8484-4AC65E1B71E8}
		{71B28A51-9765-4344-BF5C-FA0F559642B1} = {02EA681E-C7D8-13C7-8484-4AC65E1B71E8}
		{B32ED37B-44AD-418D-88EF-6DAF2F1D2607} = {02EA681E-C7D8-13C7-8484-4AC65E1B71E8}
		{4A233AFD-A0FD-48C2-9DD5-95856053D003} = {E778405E-5014-4161-B1DA-9590D3409570}
		{9D48B3EE-279D-42EA-B7E7-926BA2075CD8} = {E778405E-5014-4161-B1DA-9590D3409570}
		{D9AAE7EA-09A9-4696-88A9-370EB9FE1F1B} = {E778405E-5014-4161-B1DA-9590D3409570}
		{A6AAFE35-7F8F-4458-8809-729E8C446744} = {9096B388-0C06-4DFD-ABD5-A5FACDAE68C6}
		{DC90DC3E-7666-443C-A288-F50F12F4E3C7} = {9096B388-0C06-4DFD-ABD5-A5FACDAE68C6}
		{23F75DC0-454B-40A5-8623-0CEE5DFAD868} = {9096B388-0C06-4DFD-ABD5-A5FACDAE68C6}
		{59BFA231-97A4-4BFB-A3A0-9AD82130CB8F} = {E54A7F62-CDB0-434D-93AA-2C0C67449981}
		{45D46C22-51E7-4CD5-8239-008CFAF2754B} = {E54A7F62-CDB0-434D-93AA-2C0C67449981}
		{8DF123CF-5E61-4B5A-8F10-DD422EA374EB} = {E54A7F62-CDB0-434D-93AA-2C0C67449981}
		{A7FDABEE-829D-44CA-B3F2-B2C68B076163} = {5641E1FB-3C5F-4AC2-A847-3777375AA936}
		{13046C63-A8B2-46FC-9FCA-37C0796CE9C0} = {5641E1FB-3C5F-4AC2-A847-3777375AA936}
		{4D24CE6A-20D0-4E7B-97E1-61FFEA7B6DD0} = {5641E1FB-3C5F-4AC2-A847-3777375AA936}
	EndGlobalSection
	GlobalSection(ExtensibilityGlobals) = postSolution
		SolutionGuid = {4DAAD0BD-77FA-4DDA-83DB-B50EE04CBDFB}
	EndGlobalSection
EndGlobal
